
Microsoft Visual Studio Solution File, Format Version 12.00
# Visual Studio Version 16
VisualStudioVersion = 16.0.31205.134
MinimumVisualStudioVersion = 10.0.40219.1
Project("{FAE04EC0-301F-11D3-BF4B-00C04F79EFBC}") = "Delegates_Example_3", "Delegates_Example_3.csproj", "{77AD956D-BC0C-4296-B663-D9A93BD30FD4}"
EndProject
Global
	GlobalSection(SolutionConfigurationPlatforms) = preSolution
		Debug|Any CPU = Debug|Any CPU
		Release|Any CPU = Release|Any CPU
	EndGlobalSection
	GlobalSection(ProjectConfigurationPlatforms) = postSolution
		{77AD956D-BC0C-4296-B663-D9A93BD30FD4}.Debug|Any CPU.ActiveCfg = Debug|Any CPU
		{77AD956D-BC0C-4296-B663-D9A93BD30FD4}.Debug|Any CPU.Build.0 = Debug|Any CPU
		{77AD956D-BC0C-4296-B663-D9A93BD30FD4}.Release|Any CPU.ActiveCfg = Release|Any CPU
		{77AD956D-BC0C-4296-B663-D9A93BD30FD4}.Release|Any CPU.Build.0 = Release|Any CPU
	EndGlobalSection
	GlobalSection(SolutionProperties) = preSolution
		HideSolutionNode = FALSE
	EndGlobalSection
	GlobalSection(ExtensibilityGlobals) = postSolution
		SolutionGuid = {89399BFF-332F-4F6E-ABC0-D00BA5C94151}
	EndGlobalSection
EndGlobal
